
Microsoft Visual Studio Solution File, Format Version 12.00
# Visual Studio Version 16
VisualStudioVersion = 16.0.30717.126
MinimumVisualStudioVersion = 10.0.40219.1
Project("{FAE04EC0-301F-11D3-BF4B-00C04F79EFBC}") = "AgendaInterna", "AgendaInterna.csproj", "{08326324-1A50-4288-B5A3-8DB09F86C391}"
EndProject
Global
	GlobalSection(SolutionConfigurationPlatforms) = preSolution
		Debug|Any CPU = Debug|Any CPU
		Release|Any CPU = Release|Any CPU
	EndGlobalSection
	GlobalSection(ProjectConfigurationPlatforms) = postSolution
		{08326324-1A50-4288-B5A3-8DB09F86C391}.Debug|Any CPU.ActiveCfg = Debug|Any CPU
		{08326324-1A50-4288-B5A3-8DB09F86C391}.Debug|Any CPU.Build.0 = Debug|Any CPU
		{08326324-1A50-4288-B5A3-8DB09F86C391}.Release|Any CPU.ActiveCfg = Release|Any CPU
		{08326324-1A50-4288-B5A3-8DB09F86C391}.Release|Any CPU.Build.0 = Release|Any CPU
	EndGlobalSection
	GlobalSection(SolutionProperties) = preSolution
		HideSolutionNode = FALSE
	EndGlobalSection
	GlobalSection(ExtensibilityGlobals) = postSolution
		SolutionGuid = {48901CA4-A7E6-4A77-B2DE-7C6C1D084E7E}
	EndGlobalSection
EndGlobal
